
Microsoft Visual Studio Solution File, Format Version 12.00
# Visual Studio 15
VisualStudioVersion = 15.0.28307.852
MinimumVisualStudioVersion = 10.0.40219.1
Project("{FAE04EC0-301F-11D3-BF4B-00C04F79EFBC}") = "ANALIZADOR LEXICO", "ANALIZADOR LEXICO\ANALIZADOR LEXICO.csproj", "{3625D7B1-8EA5-42F0-8AF0-4B1FFD45D72E}"
EndProject
Global
	GlobalSection(SolutionConfigurationPlatforms) = preSolution
		Debug|Any CPU = Debug|Any CPU
		Release|Any CPU = Release|Any CPU
	EndGlobalSection
	GlobalSection(ProjectConfigurationPlatforms) = postSolution
		{3625D7B1-8EA5-42F0-8AF0-4B1FFD45D72E}.Debug|Any CPU.ActiveCfg = Debug|Any CPU
		{3625D7B1-8EA5-42F0-8AF0-4B1FFD45D72E}.Debug|Any CPU.Build.0 = Debug|Any CPU
		{3625D7B1-8EA5-42F0-8AF0-4B1FFD45D72E}.Release|Any CPU.ActiveCfg = Release|Any CPU
		{3625D7B1-8EA5-42F0-8AF0-4B1FFD45D72E}.Release|Any CPU.Build.0 = Release|Any CPU
	EndGlobalSection
	GlobalSection(SolutionProperties) = preSolution
		HideSolutionNode = FALSE
	EndGlobalSection
	GlobalSection(ExtensibilityGlobals) = postSolution
		SolutionGuid = {613470F2-CF55-4F66-9E7A-6FBDC72B6F65}
	EndGlobalSection
EndGlobal
